
Microsoft Visual Studio Solution File, Format Version 12.00
# Visual Studio Version 17
VisualStudioVersion = 17.14.37216.2 d17.14
MinimumVisualStudioVersion = 10.0.40219.1
Project("{FAE04EC0-301F-11D3-BF4B-00C04F79EFBC}") = "Clientes.Service", "Clientes\Clientes.Service.csproj", "{D49DEAAE-C103-4488-843B-516657C1BEDC}"
EndProject
Project("{FAE04EC0-301F-11D3-BF4B-00C04F79EFBC}") = "Clientes.DataAccess", "Clientes.DataAccess\Clientes.DataAccess.csproj", "{5DFF4AD9-03F2-4828-9356-33D67B3F8A01}"
EndProject
Project("{FAE04EC0-301F-11D3-BF4B-00C04F79EFBC}") = "Clientes.BusinessLogic", "Clientes.BusinessLogic\Clientes.BusinessLogic.csproj", "{8B64DAF9-A954-4211-964C-993884F7334A}"
EndProject
Global
	GlobalSection(SolutionConfigurationPlatforms) = preSolution
		Debug|Any CPU = Debug|Any CPU
		Release|Any CPU = Release|Any CPU
	EndGlobalSection
	GlobalSection(ProjectConfigurationPlatforms) = postSolution
		{D49DEAAE-C103-4488-843B-516657C1BEDC}.Debug|Any CPU.ActiveCfg = Debug|Any CPU
		{D49DEAAE-C103-4488-843B-516657C1BEDC}.Debug|Any CPU.Build.0 = Debug|Any CPU
		{D49DEAAE-C103-4488-843B-516657C1BEDC}.Release|Any CPU.ActiveCfg = Release|Any CPU
		{D49DEAAE-C103-4488-843B-516657C1BEDC}.Release|Any CPU.Build.0 = Release|Any CPU
		{5DFF4AD9-03F2-4828-9356-33D67B3F8A01}.Debug|Any CPU.ActiveCfg = Debug|Any CPU
		{5DFF4AD9-03F2-4828-9356-33D67B3F8A01}.Debug|Any CPU.Build.0 = Debug|Any CPU
		{5DFF4AD9-03F2-4828-9356-33D67B3F8A01}.Release|Any CPU.ActiveCfg = Release|Any CPU
		{5DFF4AD9-03F2-4828-9356-33D67B3F8A01}.Release|Any CPU.Build.0 = Release|Any CPU
		{8B64DAF9-A954-4211-964C-993884F7334A}.Debug|Any CPU.ActiveCfg = Debug|Any CPU
		{8B64DAF9-A954-4211-964C-993884F7334A}.Debug|Any CPU.Build.0 = Debug|Any CPU
		{8B64DAF9-A954-4211-964C-993884F7334A}.Release|Any CPU.ActiveCfg = Release|Any CPU
		{8B64DAF9-A954-4211-964C-993884F7334A}.Release|Any CPU.Build.0 = Release|Any CPU
	EndGlobalSection
	GlobalSection(SolutionProperties) = preSolution
		HideSolutionNode = FALSE
	EndGlobalSection
	GlobalSection(ExtensibilityGlobals) = postSolution
		SolutionGuid = {A18DF64F-2F63-41C5-B307-05CFEC2CED3C}
	EndGlobalSection
EndGlobal
